
Microsoft Visual Studio Solution File, Format Version 12.00
# Visual Studio Version 16
VisualStudioVersion = 16.0.31205.134
MinimumVisualStudioVersion = 10.0.40219.1
Project("{9A19103F-16F7-4668-BE54-9A1E7A4F7556}") = "Binance-Spot-API", "Binance-Spot-API\Binance-Spot-API.csproj", "{BE724AE4-AC68-44ED-8B4D-D36E3886F54E}"
EndProject
Project("{FAE04EC0-301F-11D3-BF4B-00C04F79EFBC}") = "Binance-Spot-API.Test", "Binance-Spot-API.Test\Binance-Spot-API.Test.csproj", "{486D5477-091F-4C5C-B147-4EA3D19AA053}"
EndProject
Global
	GlobalSection(SolutionConfigurationPlatforms) = preSolution
		Debug|Any CPU = Debug|Any CPU
		Release|Any CPU = Release|Any CPU
	EndGlobalSection
	GlobalSection(ProjectConfigurationPlatforms) = postSolution
		{BE724AE4-AC68-44ED-8B4D-D36E3886F54E}.Debug|Any CPU.ActiveCfg = Debug|Any CPU
		{BE724AE4-AC68-44ED-8B4D-D36E3886F54E}.Debug|Any CPU.Build.0 = Debug|Any CPU
		{BE724AE4-AC68-44ED-8B4D-D36E3886F54E}.Release|Any CPU.ActiveCfg = Release|Any CPU
		{BE724AE4-AC68-44ED-8B4D-D36E3886F54E}.Release|Any CPU.Build.0 = Release|Any CPU
		{486D5477-091F-4C5C-B147-4EA3D19AA053}.Debug|Any CPU.ActiveCfg = Debug|Any CPU
		{486D5477-091F-4C5C-B147-4EA3D19AA053}.Debug|Any CPU.Build.0 = Debug|Any CPU
		{486D5477-091F-4C5C-B147-4EA3D19AA053}.Release|Any CPU.ActiveCfg = Release|Any CPU
		{486D5477-091F-4C5C-B147-4EA3D19AA053}.Release|Any CPU.Build.0 = Release|Any CPU
	EndGlobalSection
	GlobalSection(SolutionProperties) = preSolution
		HideSolutionNode = FALSE
	EndGlobalSection
	GlobalSection(ExtensibilityGlobals) = postSolution
		SolutionGuid = {449C593D-6311-42F6-8044-BA76D00532BF}
	EndGlobalSection
EndGlobal
